# This file is automatically @generated by Cargo.
# It is not intended for manual editing.
version = 4

[[package]]
name = "pith-digest"
version = "0.1.0"
source = "git+https://github.com/pith-hash/pith-digest.git?branch=main#3d1f384fd58105e519b70d73216621ed30b4b854"

[[package]]
name = "pith-inflate"
version = "0.1.0"
source = "git+https://github.com/pith-hash/pith-inflate.git?branch=main#734a089e4af9e129c7310a0492eda5cdcbb8acc7"
dependencies = [
 "pith-digest",
]

[[package]]
name = "pith-zip"
version = "0.1.0"
dependencies = [
 "pith-digest",
 "pith-inflate",
]
